
Microsoft Visual Studio Solution File, Format Version 12.00
# Visual Studio 15
VisualStudioVersion = 15.0.26730.12
MinimumVisualStudioVersion = 10.0.40219.1
Project("{FAE04EC0-301F-11D3-BF4B-00C04F79EFBC}") = "PensionScheme", "PensionScheme\PensionScheme.csproj", "{47586056-74E4-40D8-AE12-D60F684D826E}"
EndProject
Project("{FAE04EC0-301F-11D3-BF4B-00C04F79EFBC}") = "WindowsFormsApp1", "WindowsFormsApp1\WindowsFormsApp1.csproj", "{A86319DA-6055-496E-92EF-8CA971920724}"
EndProject
Global
	GlobalSection(SolutionConfigurationPlatforms) = preSolution
		Debug|Any CPU = Debug|Any CPU
		Release|Any CPU = Release|Any CPU
	EndGlobalSection
	GlobalSection(ProjectConfigurationPlatforms) = postSolution
		{47586056-74E4-40D8-AE12-D60F684D826E}.Debug|Any CPU.ActiveCfg = Debug|Any CPU
		{47586056-74E4-40D8-AE12-D60F684D826E}.Debug|Any CPU.Build.0 = Debug|Any CPU
		{47586056-74E4-40D8-AE12-D60F684D826E}.Release|Any CPU.ActiveCfg = Release|Any CPU
		{47586056-74E4-40D8-AE12-D60F684D826E}.Release|Any CPU.Build.0 = Release|Any CPU
		{A86319DA-6055-496E-92EF-8CA971920724}.Debug|Any CPU.ActiveCfg = Debug|Any CPU
		{A86319DA-6055-496E-92EF-8CA971920724}.Debug|Any CPU.Build.0 = Debug|Any CPU
		{A86319DA-6055-496E-92EF-8CA971920724}.Release|Any CPU.ActiveCfg = Release|Any CPU
		{A86319DA-6055-496E-92EF-8CA971920724}.Release|Any CPU.Build.0 = Release|Any CPU
	EndGlobalSection
	GlobalSection(SolutionProperties) = preSolution
		HideSolutionNode = FALSE
	EndGlobalSection
	GlobalSection(ExtensibilityGlobals) = postSolution
		SolutionGuid = {A2A76364-B446-43B5-B263-14A001568D5E}
	EndGlobalSection
EndGlobal
